
Microsoft Visual Studio Solution File, Format Version 12.00
# Visual Studio Version 17
VisualStudioVersion = 17.9.34728.123
MinimumVisualStudioVersion = 10.0.40219.1
Project("{FAE04EC0-301F-11D3-BF4B-00C04F79EFBC}") = "CouponAPI", "CouponAPI.csproj", "{975E4B25-D4F3-4588-A0AA-C1A0F5C14B23}"
EndProject
Global
	GlobalSection(SolutionConfigurationPlatforms) = preSolution
		Debug|Any CPU = Debug|Any CPU
		Release|Any CPU = Release|Any CPU
	EndGlobalSection
	GlobalSection(ProjectConfigurationPlatforms) = postSolution
		{975E4B25-D4F3-4588-A0AA-C1A0F5C14B23}.Debug|Any CPU.ActiveCfg = Debug|Any CPU
		{975E4B25-D4F3-4588-A0AA-C1A0F5C14B23}.Debug|Any CPU.Build.0 = Debug|Any CPU
		{975E4B25-D4F3-4588-A0AA-C1A0F5C14B23}.Release|Any CPU.ActiveCfg = Release|Any CPU
		{975E4B25-D4F3-4588-A0AA-C1A0F5C14B23}.Release|Any CPU.Build.0 = Release|Any CPU
	EndGlobalSection
	GlobalSection(SolutionProperties) = preSolution
		HideSolutionNode = FALSE
	EndGlobalSection
	GlobalSection(ExtensibilityGlobals) = postSolution
		SolutionGuid = {A7F34488-ADCC-48C1-81F9-EB55DF1F7B83}
	EndGlobalSection
EndGlobal
